
Microsoft Visual Studio Solution File, Format Version 12.00
# Visual Studio 15
VisualStudioVersion = 15.0.28010.2046
MinimumVisualStudioVersion = 10.0.40219.1
Project("{FAE04EC0-301F-11D3-BF4B-00C04F79EFBC}") = "TOB", "TOB\TOB.csproj", "{E4C64EB9-DBBF-40E3-957C-739F6C33EC8D}"
EndProject
Global
	GlobalSection(SolutionConfigurationPlatforms) = preSolution
		Debug|Any CPU = Debug|Any CPU
		Release|Any CPU = Release|Any CPU
	EndGlobalSection
	GlobalSection(ProjectConfigurationPlatforms) = postSolution
		{E4C64EB9-DBBF-40E3-957C-739F6C33EC8D}.Debug|Any CPU.ActiveCfg = Debug|Any CPU
		{E4C64EB9-DBBF-40E3-957C-739F6C33EC8D}.Debug|Any CPU.Build.0 = Debug|Any CPU
		{E4C64EB9-DBBF-40E3-957C-739F6C33EC8D}.Release|Any CPU.ActiveCfg = Release|Any CPU
		{E4C64EB9-DBBF-40E3-957C-739F6C33EC8D}.Release|Any CPU.Build.0 = Release|Any CPU
	EndGlobalSection
	GlobalSection(SolutionProperties) = preSolution
		HideSolutionNode = FALSE
	EndGlobalSection
	GlobalSection(ExtensibilityGlobals) = postSolution
		SolutionGuid = {7E0EF1D6-D11F-4755-B407-453459166FE5}
	EndGlobalSection
EndGlobal
